
Microsoft Visual Studio Solution File, Format Version 12.00
# Visual Studio 2010
Project("{E24C65DC-7377-472B-9ABA-BC803B73C61A}") = "E-Report_DotNet", "..\", "{2F0F9977-9E77-49E2-AEA3-71B63C7ECBE9}"
	ProjectSection(WebsiteProperties) = preProject
		Frontpage = "false"
		TargetFrameworkMoniker = ".NETFramework,Version%3Dv4.0"
		ProjectReferences = "{1A526AFC-A800-45A4-B6D6-2B8D81D39DA9}|DBase_EReport.dll;{2D973FA0-73D9-4BF7-984E-0A75BE227A2A}|Bus_EReport.dll;{8050DCA1-4686-45C1-919C-A6DA66112CD2}|Bus_Objects.dll;"
		Debug.AspNetCompiler.VirtualPath = "/E-Report_DotNet"
		Debug.AspNetCompiler.PhysicalPath = "..\..\E-Report_DotNet\"
		Debug.AspNetCompiler.TargetPath = "PrecompiledWeb\E-Report_DotNet\"
		Debug.AspNetCompiler.Updateable = "true"
		Debug.AspNetCompiler.ForceOverwrite = "true"
		Debug.AspNetCompiler.FixedNames = "false"
		Debug.AspNetCompiler.Debug = "True"
		Release.AspNetCompiler.VirtualPath = "/E-Report_DotNet"
		Release.AspNetCompiler.PhysicalPath = "..\..\E-Report_DotNet\"
		Release.AspNetCompiler.TargetPath = "PrecompiledWeb\E-Report_DotNet\"
		Release.AspNetCompiler.Updateable = "true"
		Release.AspNetCompiler.ForceOverwrite = "true"
		Release.AspNetCompiler.FixedNames = "false"
		Release.AspNetCompiler.Debug = "False"
		VWDPort = "14802"
	EndProjectSection
EndProject
Project("{FAE04EC0-301F-11D3-BF4B-00C04F79EFBC}") = "DBase_EReport", "..\DBase_EReport\DBase_EReport.csproj", "{1A526AFC-A800-45A4-B6D6-2B8D81D39DA9}"
EndProject
Project("{FAE04EC0-301F-11D3-BF4B-00C04F79EFBC}") = "Bus_EReport", "..\Bus_EReport\Bus_EReport.csproj", "{2D973FA0-73D9-4BF7-984E-0A75BE227A2A}"
EndProject
Project("{FAE04EC0-301F-11D3-BF4B-00C04F79EFBC}") = "Bus_Objects", "..\Bus_Objects\Bus_Objects.csproj", "{8050DCA1-4686-45C1-919C-A6DA66112CD2}"
EndProject
Project("{2150E333-8FDC-42A3-9474-1A3956D46DE8}") = ".nuget", ".nuget", "{6B2A9C68-B04F-42CF-8E87-6C5EAAEA8021}"
	ProjectSection(SolutionItems) = preProject
		.nuget\packages.config = .nuget\packages.config
	EndProjectSection
EndProject
Global
	GlobalSection(SolutionConfigurationPlatforms) = preSolution
		Debug|Any CPU = Debug|Any CPU
		Release|Any CPU = Release|Any CPU
	EndGlobalSection
	GlobalSection(ProjectConfigurationPlatforms) = postSolution
		{2F0F9977-9E77-49E2-AEA3-71B63C7ECBE9}.Debug|Any CPU.ActiveCfg = Debug|Any CPU
		{2F0F9977-9E77-49E2-AEA3-71B63C7ECBE9}.Debug|Any CPU.Build.0 = Debug|Any CPU
		{2F0F9977-9E77-49E2-AEA3-71B63C7ECBE9}.Release|Any CPU.ActiveCfg = Debug|Any CPU
		{2F0F9977-9E77-49E2-AEA3-71B63C7ECBE9}.Release|Any CPU.Build.0 = Debug|Any CPU
		{1A526AFC-A800-45A4-B6D6-2B8D81D39DA9}.Debug|Any CPU.ActiveCfg = Debug|Any CPU
		{1A526AFC-A800-45A4-B6D6-2B8D81D39DA9}.Debug|Any CPU.Build.0 = Debug|Any CPU
		{1A526AFC-A800-45A4-B6D6-2B8D81D39DA9}.Release|Any CPU.ActiveCfg = Release|Any CPU
		{1A526AFC-A800-45A4-B6D6-2B8D81D39DA9}.Release|Any CPU.Build.0 = Release|Any CPU
		{2D973FA0-73D9-4BF7-984E-0A75BE227A2A}.Debug|Any CPU.ActiveCfg = Debug|Any CPU
		{2D973FA0-73D9-4BF7-984E-0A75BE227A2A}.Debug|Any CPU.Build.0 = Debug|Any CPU
		{2D973FA0-73D9-4BF7-984E-0A75BE227A2A}.Release|Any CPU.ActiveCfg = Release|Any CPU
		{2D973FA0-73D9-4BF7-984E-0A75BE227A2A}.Release|Any CPU.Build.0 = Release|Any CPU
		{8050DCA1-4686-45C1-919C-A6DA66112CD2}.Debug|Any CPU.ActiveCfg = Debug|Any CPU
		{8050DCA1-4686-45C1-919C-A6DA66112CD2}.Debug|Any CPU.Build.0 = Debug|Any CPU
		{8050DCA1-4686-45C1-919C-A6DA66112CD2}.Release|Any CPU.ActiveCfg = Release|Any CPU
		{8050DCA1-4686-45C1-919C-A6DA66112CD2}.Release|Any CPU.Build.0 = Release|Any CPU
	EndGlobalSection
	GlobalSection(SolutionProperties) = preSolution
		HideSolutionNode = FALSE
	EndGlobalSection
EndGlobal
